<?xml version="1.0" encoding="utf-8"?>
<Project ToolsVersion="4.0" xmlns="http://schemas.microsoft.com/developer/msbuild/2003">
  <ItemGroup>
    <ClCompile Include="H:\CS455\source\project_test.cpp">
      <Filter>Source Files</Filter>
    </ClCompile>
    <ClCompile Include="H:\CS455\source\ProjectRenderer.cpp">
      <Filter>Source Files</Filter>
    </ClCompile>
    <ClCompile Include="H:\CS455\source\glut_utilities.cpp">
      <Filter>Source Files</Filter>
    </ClCompile>
    <ClCompile Include="H:\CS455\source\BaseRenderer.cpp">
      <Filter>Source Files</Filter>
    </ClCompile>
    <ClCompile Include="H:\CS455\source\Vector4.cpp">
      <Filter>Source Files</Filter>
    </ClCompile>
    <ClCompile Include="H:\CS455\source\Matrix4.cpp">
      <Filter>Source Files</Filter>
    </ClCompile>
    <ClCompile Include="H:\CS455\source\Camera.cpp">
      <Filter>Source Files</Filter>
    </ClCompile>
    <ClCompile Include="H:\CS455\source\Image.cpp">
      <Filter>Source Files</Filter>
    </ClCompile>
    <ClCompile Include="H:\CS455\source\ObjUtilities.cpp">
      <Filter>Source Files</Filter>
    </ClCompile>
    <ClCompile Include="H:\CS455\source\Heightmap.cpp">
      <Filter>Source Files</Filter>
    </ClCompile>
    <ClCompile Include="H:\CS455\source\libtwodee\Log.cpp">
      <Filter>Source Files</Filter>
    </ClCompile>
    <ClCompile Include="H:\CS455\source\libtwodee\MessagedException.cpp">
      <Filter>Source Files</Filter>
    </ClCompile>
    <ClCompile Include="H:\CS455\source\libtwodee\ShaderProgram.cpp">
      <Filter>Source Files</Filter>
    </ClCompile>
    <ClCompile Include="H:\CS455\source\libtwodee\Utilities.cpp">
      <Filter>Source Files</Filter>
    </ClCompile>
    <ClCompile Include="H:\CS455\source\libtwodee\UtilitiesOpenGL.cpp">
      <Filter>Source Files</Filter>
    </ClCompile>
    <ClCompile Include="H:\CS455\source\libtwodee\VertexArray.cpp">
      <Filter>Source Files</Filter>
    </ClCompile>
    <ClCompile Include="H:\CS455\source\libtwodee\VertexAttributes.cpp">
      <Filter>Source Files</Filter>
    </ClCompile>
  </ItemGroup>
  <ItemGroup>
    <ClInclude Include="H:\CS455\source\Field3.h">
      <Filter>Header Files</Filter>
    </ClInclude>
  </ItemGroup>
  <ItemGroup>
    <CustomBuild Include="H:\CS455\source\CMakeLists.txt" />
  </ItemGroup>
  <ItemGroup>
    <Filter Include="Source Files">
      <UniqueIdentifier>{1989943B-E1FB-4A4B-86D6-7C87A30EF5E6}</UniqueIdentifier>
    </Filter>
    <Filter Include="Header Files">
      <UniqueIdentifier>{591EED07-B659-43FE-8C3E-07A095D28403}</UniqueIdentifier>
    </Filter>
  </ItemGroup>
</Project>
